
Microsoft Visual Studio Solution File, Format Version 12.00
# Visual Studio Version 17
VisualStudioVersion = 17.10.35004.147
MinimumVisualStudioVersion = 10.0.40219.1
Project("{8BC9CEB8-8B4A-11D0-8D11-00A0C91BC942}") = "Algorythmization Lab 09_2_1", "Algorythmization Lab 09_2_1\Algorythmization Lab 09_2_1.vcxproj", "{8B9C0440-F7E6-431B-B3D1-95CA3DEB1446}"
EndProject
Project("{8BC9CEB8-8B4A-11D0-8D11-00A0C91BC942}") = "UnitTest1", "UnitTest1\UnitTest1.vcxproj", "{535444AC-702A-45EA-9E23-D342E50901A8}"
EndProject
Global
	GlobalSection(SolutionConfigurationPlatforms) = preSolution
		Debug|x64 = Debug|x64
		Debug|x86 = Debug|x86
		Release|x64 = Release|x64
		Release|x86 = Release|x86
	EndGlobalSection
	GlobalSection(ProjectConfigurationPlatforms) = postSolution
		{8B9C0440-F7E6-431B-B3D1-95CA3DEB1446}.Debug|x64.ActiveCfg = Debug|x64
		{8B9C0440-F7E6-431B-B3D1-95CA3DEB1446}.Debug|x64.Build.0 = Debug|x64
		{8B9C0440-F7E6-431B-B3D1-95CA3DEB1446}.Debug|x86.ActiveCfg = Debug|Win32
		{8B9C0440-F7E6-431B-B3D1-95CA3DEB1446}.Debug|x86.Build.0 = Debug|Win32
		{8B9C0440-F7E6-431B-B3D1-95CA3DEB1446}.Release|x64.ActiveCfg = Release|x64
		{8B9C0440-F7E6-431B-B3D1-95CA3DEB1446}.Release|x64.Build.0 = Release|x64
		{8B9C0440-F7E6-431B-B3D1-95CA3DEB1446}.Release|x86.ActiveCfg = Release|Win32
		{8B9C0440-F7E6-431B-B3D1-95CA3DEB1446}.Release|x86.Build.0 = Release|Win32
		{535444AC-702A-45EA-9E23-D342E50901A8}.Debug|x64.ActiveCfg = Debug|x64
		{535444AC-702A-45EA-9E23-D342E50901A8}.Debug|x64.Build.0 = Debug|x64
		{535444AC-702A-45EA-9E23-D342E50901A8}.Debug|x86.ActiveCfg = Debug|Win32
		{535444AC-702A-45EA-9E23-D342E50901A8}.Debug|x86.Build.0 = Debug|Win32
		{535444AC-702A-45EA-9E23-D342E50901A8}.Release|x64.ActiveCfg = Release|x64
		{535444AC-702A-45EA-9E23-D342E50901A8}.Release|x64.Build.0 = Release|x64
		{535444AC-702A-45EA-9E23-D342E50901A8}.Release|x86.ActiveCfg = Release|Win32
		{535444AC-702A-45EA-9E23-D342E50901A8}.Release|x86.Build.0 = Release|Win32
	EndGlobalSection
	GlobalSection(SolutionProperties) = preSolution
		HideSolutionNode = FALSE
	EndGlobalSection
	GlobalSection(ExtensibilityGlobals) = postSolution
		SolutionGuid = {02ED1E49-C865-4DDE-93BC-EA8AB1A78258}
	EndGlobalSection
EndGlobal
